// !$*UTF8*$!
{
	archiveVersion = 1;
	classes = {
	};
	objectVersion = 46;
	objects = {

/* Begin PBXBuildFile section */
		5BBCC3EB0F5BF335A590E4C2 /* libPods-zundoko.a in Frameworks */ = {isa = PBXBuildFile; fileRef = FAA55A1C974455ADFF268703 /* libPods-zundoko.a */; };
		80A73B491CA055D500C7DA02 /* AppDelegate.swift in Sources */ = {isa = PBXBuildFile; fileRef = 80A73B481CA055D500C7DA02 /* AppDelegate.swift */; };
		80A73B4B1CA055D500C7DA02 /* Assets.xcassets in Resources */ = {isa = PBXBuildFile; fileRef = 80A73B4A1CA055D500C7DA02 /* Assets.xcassets */; };
		80A73B4E1CA055D500C7DA02 /* MainMenu.xib in Resources */ = {isa = PBXBuildFile; fileRef = 80A73B4C1CA055D500C7DA02 /* MainMenu.xib */; };
		80A73B591CA0569700C7DA02 /* Zundoko.swift in Sources */ = {isa = PBXBuildFile; fileRef = 80A73B581CA0569700C7DA02 /* Zundoko.swift */; };
/* End PBXBuildFile section */

/* Begin PBXFileReference section */
		80A73B451CA055D500C7DA02 /* zundoko.app */ = {isa = PBXFileReference; explicitFileType = wrapper.application; includeInIndex = 0; path = zundoko.app; sourceTree = BUILT_PRODUCTS_DIR; };
		80A73B481CA055D500C7DA02 /* AppDelegate.swift */ = {isa = PBXFileReference; lastKnownFileType = sourcecode.swift; path = AppDelegate.swift; sourceTree = "<group>"; };
		80A73B4A1CA055D500C7DA02 /* Assets.xcassets */ = {isa = PBXFileReference; lastKnownFileType = folder.assetcatalog; path = Assets.xcassets; sourceTree = "<group>"; };
		80A73B4D1CA055D500C7DA02 /* Base */ = {isa = PBXFileReference; lastKnownFileType = file.xib; name = Base; path = Base.lproj/MainMenu.xib; sourceTree = "<group>"; };
		80A73B4F1CA055D500C7DA02 /* Info.plist */ = {isa = PBXFileReference; lastKnownFileType = text.plist.xml; path = Info.plist; sourceTree = "<group>"; };
		80A73B551CA0567900C7DA02 /* zundoko-Bridging-Header.h */ = {isa = PBXFileReference; lastKnownFileType = sourcecode.c.h; path = "zundoko-Bridging-Header.h"; sourceTree = "<group>"; };
		80A73B581CA0569700C7DA02 /* Zundoko.swift */ = {isa = PBXFileReference; fileEncoding = 4; lastKnownFileType = sourcecode.swift; path = Zundoko.swift; sourceTree = "<group>"; };
		B32A4E61306BD40BDE8B95C7 /* Pods-zundoko.debug.xcconfig */ = {isa = PBXFileReference; includeInIndex = 1; lastKnownFileType = text.xcconfig; name = "Pods-zundoko.debug.xcconfig"; path = "Pods/Target Support Files/Pods-zundoko/Pods-zundoko.debug.xcconfig"; sourceTree = "<group>"; };
		E8B60C34A61CE85CA5B5018B /* Pods-zundoko.release.xcconfig */ = {isa = PBXFileReference; includeInIndex = 1; lastKnownFileType = text.xcconfig; name = "Pods-zundoko.release.xcconfig"; path = "Pods/Target Support Files/Pods-zundoko/Pods-zundoko.release.xcconfig"; sourceTree = "<group>"; };
		FAA55A1C974455ADFF268703 /* libPods-zundoko.a */ = {isa = PBXFileReference; explicitFileType = archive.ar; includeInIndex = 0; path = "libPods-zundoko.a"; sourceTree = BUILT_PRODUCTS_DIR; };
/* End PBXFileReference section */

/* Begin PBXFrameworksBuildPhase section */
		80A73B421CA055D500C7DA02 /* Frameworks */ = {
			isa = PBXFrameworksBuildPhase;
			buildActionMask = 2147483647;
			files = (
				5BBCC3EB0F5BF335A590E4C2 /* libPods-zundoko.a in Frameworks */,
			);
			runOnlyForDeploymentPostprocessing = 0;
		};
/* End PBXFrameworksBuildPhase section */

/* Begin PBXGroup section */
		634986D27FEE145E964C6B71 /* Pods */ = {
			isa = PBXGroup;
			children = (
				B32A4E61306BD40BDE8B95C7 /* Pods-zundoko.debug.xcconfig */,
				E8B60C34A61CE85CA5B5018B /* Pods-zundoko.release.xcconfig */,
			);
			name = Pods;
			sourceTree = "<group>";
		};
		80A73B3C1CA055D500C7DA02 = {
			isa = PBXGroup;
			children = (
				80A73B471CA055D500C7DA02 /* zundoko */,
				80A73B461CA055D500C7DA02 /* Products */,
				634986D27FEE145E964C6B71 /* Pods */,
				E010B599145AD59F59CE2001 /* Frameworks */,
			);
			sourceTree = "<group>";
		};
		80A73B461CA055D500C7DA02 /* Products */ = {
			isa = PBXGroup;
			children = (
				80A73B451CA055D500C7DA02 /* zundoko.app */,
			);
			name = Products;
			sourceTree = "<group>";
		};
		80A73B471CA055D500C7DA02 /* zundoko */ = {
			isa = PBXGroup;
			children = (
				80A73B481CA055D500C7DA02 /* AppDelegate.swift */,
				80A73B581CA0569700C7DA02 /* Zundoko.swift */,
				80A73B4A1CA055D500C7DA02 /* Assets.xcassets */,
				80A73B4C1CA055D500C7DA02 /* MainMenu.xib */,
				80A73B4F1CA055D500C7DA02 /* Info.plist */,
				80A73B551CA0567900C7DA02 /* zundoko-Bridging-Header.h */,
			);
			path = zundoko;
			sourceTree = "<group>";
		};
		E010B599145AD59F59CE2001 /* Frameworks */ = {
			isa = PBXGroup;
			children = (
				FAA55A1C974455ADFF268703 /* libPods-zundoko.a */,
			);
			name = Frameworks;
			sourceTree = "<group>";
		};
/* End PBXGroup section */

/* Begin PBXNativeTarget section */
		80A73B441CA055D500C7DA02 /* zundoko */ = {
			isa = PBXNativeTarget;
			buildConfigurationList = 80A73B521CA055D500C7DA02 /* Build configuration list for PBXNativeTarget "zundoko" */;
			buildPhases = (
				CCE1C2824D835B4AAA13347B /* Check Pods Manifest.lock */,
				80A73B411CA055D500C7DA02 /* Sources */,
				80A73B421CA055D500C7DA02 /* Frameworks */,
				80A73B431CA055D500C7DA02 /* Resources */,
				CBC6FE2384C0C97A1DAF5C9C /* Embed Pods Frameworks */,
				0DBAC7766698D6844EB36C35 /* Copy Pods Resources */,
			);
			buildRules = (
			);
			dependencies = (
			);
			name = zundoko;
			productName = zundoko;
			productReference = 80A73B451CA055D500C7DA02 /* zundoko.app */;
			productType = "com.apple.product-type.application";
		};
/* End PBXNativeTarget section */

/* Begin PBXProject section */
		80A73B3D1CA055D500C7DA02 /* Project object */ = {
			isa = PBXProject;
			attributes = {
				LastSwiftUpdateCheck = 0720;
				LastUpgradeCheck = 0720;
				ORGANIZATIONNAME = "Watanabe Toshinori";
				TargetAttributes = {
					80A73B441CA055D500C7DA02 = {
						CreatedOnToolsVersion = 7.2.1;
					};
				};
			};
			buildConfigurationList = 80A73B401CA055D500C7DA02 /* Build configuration list for PBXProject "zundoko" */;
			compatibilityVersion = "Xcode 3.2";
			developmentRegion = English;
			hasScannedForEncodings = 0;
			knownRegions = (
				en,
				Base,
			);
			mainGroup = 80A73B3C1CA055D500C7DA02;
			productRefGroup = 80A73B461CA055D500C7DA02 /* Products */;
			projectDirPath = "";
			projectRoot = "";
			targets = (
				80A73B441CA055D500C7DA02 /* zundoko */,
			);
		};
/* End PBXProject section */

/* Begin PBXResourcesBuildPhase section */
		80A73B431CA055D500C7DA02 /* Resources */ = {
			isa = PBXResourcesBuildPhase;
			buildActionMask = 2147483647;
			files = (
				80A73B4B1CA055D500C7DA02 /* Assets.xcassets in Resources */,
				80A73B4E1CA055D500C7DA02 /* MainMenu.xib in Resources */,
			);
			runOnlyForDeploymentPostprocessing = 0;
		};
/* End PBXResourcesBuildPhase section */

/* Begin PBXShellScriptBuildPhase section */
		0DBAC7766698D6844EB36C35 /* Copy Pods Resources */ = {
			isa = PBXShellScriptBuildPhase;
			buildActionMask = 2147483647;
			files = (
			);
			inputPaths = (
			);
			name = "Copy Pods Resources";
			outputPaths = (
			);
			runOnlyForDeploymentPostprocessing = 0;
			shellPath = /bin/sh;
			shellScript = "\"${SRCROOT}/Pods/Target Support Files/Pods-zundoko/Pods-zundoko-resources.sh\"\n";
			showEnvVarsInLog = 0;
		};
		CBC6FE2384C0C97A1DAF5C9C /* Embed Pods Frameworks */ = {
			isa = PBXShellScriptBuildPhase;
			buildActionMask = 2147483647;
			files = (
			);
			inputPaths = (
			);
			name = "Embed Pods Frameworks";
			outputPaths = (
			);
			runOnlyForDeploymentPostprocessing = 0;
			shellPath = /bin/sh;
			shellScript = "\"${SRCROOT}/Pods/Target Support Files/Pods-zundoko/Pods-zundoko-frameworks.sh\"\n";
			showEnvVarsInLog = 0;
		};
		CCE1C2824D835B4AAA13347B /* Check Pods Manifest.lock */ = {
			isa = PBXShellScriptBuildPhase;
			buildActionMask = 2147483647;
			files = (
			);
			inputPaths = (
			);
			name = "Check Pods Manifest.lock";
			outputPaths = (
			);
			runOnlyForDeploymentPostprocessing = 0;
			shellPath = /bin/sh;
			shellScript = "diff \"${PODS_ROOT}/../Podfile.lock\" \"${PODS_ROOT}/Manifest.lock\" > /dev/null\nif [[ $? != 0 ]] ; then\n    cat << EOM\nerror: The sandbox is not in sync with the Podfile.lock. Run 'pod install' or update your CocoaPods installation.\nEOM\n    exit 1\nfi\n";
			showEnvVarsInLog = 0;
		};
/* End PBXShellScriptBuildPhase section */

/* Begin PBXSourcesBuildPhase section */
		80A73B411CA055D500C7DA02 /* Sources */ = {
			isa = PBXSourcesBuildPhase;
			buildActionMask = 2147483647;
			files = (
				80A73B591CA0569700C7DA02 /* Zundoko.swift in Sources */,
				80A73B491CA055D500C7DA02 /* AppDelegate.swift in Sources */,
			);
			runOnlyForDeploymentPostprocessing = 0;
		};
/* End PBXSourcesBuildPhase section */

/* Begin PBXVariantGroup section */
		80A73B4C1CA055D500C7DA02 /* MainMenu.xib */ = {
			isa = PBXVariantGroup;
			children = (
				80A73B4D1CA055D500C7DA02 /* Base */,
			);
			name = MainMenu.xib;
			sourceTree = "<group>";
		};
/* End PBXVariantGroup section */

/* Begin XCBuildConfiguration section */
		80A73B501CA055D500C7DA02 /* Debug */ = {
			isa = XCBuildConfiguration;
			buildSettings = {
				ALWAYS_SEARCH_USER_PATHS = NO;
				CLANG_CXX_LANGUAGE_STANDARD = "gnu++0x";
				CLANG_CXX_LIBRARY = "libc++";
				CLANG_ENABLE_MODULES = YES;
				CLANG_ENABLE_OBJC_ARC = YES;
				CLANG_WARN_BOOL_CONVERSION = YES;
				CLANG_WARN_CONSTANT_CONVERSION = YES;
				CLANG_WARN_DIRECT_OBJC_ISA_USAGE = YES_ERROR;
				CLANG_WARN_EMPTY_BODY = YES;
				CLANG_WARN_ENUM_CONVERSION = YES;
				CLANG_WARN_INT_CONVERSION = YES;
				CLANG_WARN_OBJC_ROOT_CLASS = YES_ERROR;
				CLANG_WARN_UNREACHABLE_CODE = YES;
				CLANG_WARN__DUPLICATE_METHOD_MATCH = YES;
				CODE_SIGN_IDENTITY = "-";
				COPY_PHASE_STRIP = NO;
				DEBUG_INFORMATION_FORMAT = dwarf;
				ENABLE_STRICT_OBJC_MSGSEND = YES;
				ENABLE_TESTABILITY = YES;
				GCC_C_LANGUAGE_STANDARD = gnu99;
				GCC_DYNAMIC_NO_PIC = NO;
				GCC_NO_COMMON_BLOCKS = YES;
				GCC_OPTIMIZATION_LEVEL = 0;
				GCC_PREPROCESSOR_DEFINITIONS = (
					"DEBUG=1",
					"$(inherited)",
				);
				GCC_WARN_64_TO_32_BIT_CONVERSION = YES;
				GCC_WARN_ABOUT_RETURN_TYPE = YES_ERROR;
				GCC_WARN_UNDECLARED_SELECTOR = YES;
				GCC_WARN_UNINITIALIZED_AUTOS = YES_AGGRESSIVE;
				GCC_WARN_UNUSED_FUNCTION = YES;
				GCC_WARN_UNUSED_VARIABLE = YES;
				MACOSX_DEPLOYMENT_TARGET = 10.11;
				MTL_ENABLE_DEBUG_INFO = YES;
				ONLY_ACTIVE_ARCH = YES;
				SDKROOT = macosx;
				SWIFT_OPTIMIZATION_LEVEL = "-Onone";
			};
			name = Debug;
		};
		80A73B511CA055D500C7DA02 /* Release */ = {
			isa = XCBuildConfiguration;
			buildSettings = {
				ALWAYS_SEARCH_USER_PATHS = NO;
				CLANG_CXX_LANGUAGE_STANDARD = "gnu++0x";
				CLANG_CXX_LIBRARY = "libc++";
				CLANG_ENABLE_MODULES = YES;
				CLANG_ENABLE_OBJC_ARC = YES;
				CLANG_WARN_BOOL_CONVERSION = YES;
				CLANG_WARN_CONSTANT_CONVERSION = YES;
				CLANG_WARN_DIRECT_OBJC_ISA_USAGE = YES_ERROR;
				CLANG_WARN_EMPTY_BODY = YES;
				CLANG_WARN_ENUM_CONVERSION = YES;
				CLANG_WARN_INT_CONVERSION = YES;
				CLANG_WARN_OBJC_ROOT_CLASS = YES_ERROR;
				CLANG_WARN_UNREACHABLE_CODE = YES;
				CLANG_WARN__DUPLICATE_METHOD_MATCH = YES;
				CODE_SIGN_IDENTITY = "-";
				COPY_PHASE_STRIP = NO;
				DEBUG_INFORMATION_FORMAT = "dwarf-with-dsym";
				ENABLE_NS_ASSERTIONS = NO;
				ENABLE_STRICT_OBJC_MSGSEND = YES;
				GCC_C_LANGUAGE_STANDARD = gnu99;
				GCC_NO_COMMON_BLOCKS = YES;
				GCC_WARN_64_TO_32_BIT_CONVERSION = YES;
				GCC_WARN_ABOUT_RETURN_TYPE = YES_ERROR;
				GCC_WARN_UNDECLARED_SELECTOR = YES;
				GCC_WARN_UNINITIALIZED_AUTOS = YES_AGGRESSIVE;
				GCC_WARN_UNUSED_FUNCTION = YES;
				GCC_WARN_UNUSED_VARIABLE = YES;
				MACOSX_DEPLOYMENT_TARGET = 10.11;
				MTL_ENABLE_DEBUG_INFO = NO;
				SDKROOT = macosx;
			};
			name = Release;
		};
		80A73B531CA055D500C7DA02 /* Debug */ = {
			isa = XCBuildConfiguration;
			baseConfigurationReference = B32A4E61306BD40BDE8B95C7 /* Pods-zundoko.debug.xcconfig */;
			buildSettings = {
				ASSETCATALOG_COMPILER_APPICON_NAME = AppIcon;
				CLANG_ENABLE_MODULES = YES;
				COMBINE_HIDPI_IMAGES = YES;
				INFOPLIST_FILE = zundoko/Info.plist;
				LD_RUNPATH_SEARCH_PATHS = "$(inherited) @executable_path/../Frameworks";
				PRODUCT_BUNDLE_IDENTIFIER = com.example.zundoko;
				PRODUCT_NAME = "$(TARGET_NAME)";
				SWIFT_OBJC_BRIDGING_HEADER = "zundoko/zundoko-Bridging-Header.h";
				SWIFT_OPTIMIZATION_LEVEL = "-Onone";
			};
			name = Debug;
		};
		80A73B541CA055D500C7DA02 /* Release */ = {
			isa = XCBuildConfiguration;
			baseConfigurationReference = E8B60C34A61CE85CA5B5018B /* Pods-zundoko.release.xcconfig */;
			buildSettings = {
				ASSETCATALOG_COMPILER_APPICON_NAME = AppIcon;
				CLANG_ENABLE_MODULES = YES;
				COMBINE_HIDPI_IMAGES = YES;
				INFOPLIST_FILE = zundoko/Info.plist;
				LD_RUNPATH_SEARCH_PATHS = "$(inherited) @executable_path/../Frameworks";
				PRODUCT_BUNDLE_IDENTIFIER = com.example.zundoko;
				PRODUCT_NAME = "$(TARGET_NAME)";
				SWIFT_OBJC_BRIDGING_HEADER = "zundoko/zundoko-Bridging-Header.h";
			};
			name = Release;
		};
/* End XCBuildConfiguration section */

/* Begin XCConfigurationList section */
		80A73B401CA055D500C7DA02 /* Build configuration list for PBXProject "zundoko" */ = {
			isa = XCConfigurationList;
			buildConfigurations = (
				80A73B501CA055D500C7DA02 /* Debug */,
				80A73B511CA055D500C7DA02 /* Release */,
			);
			defaultConfigurationIsVisible = 0;
			defaultConfigurationName = Release;
		};
		80A73B521CA055D500C7DA02 /* Build configuration list for PBXNativeTarget "zundoko" */ = {
			isa = XCConfigurationList;
			buildConfigurations = (
				80A73B531CA055D500C7DA02 /* Debug */,
				80A73B541CA055D500C7DA02 /* Release */,
			);
			defaultConfigurationIsVisible = 0;
			defaultConfigurationName = Release;
		};
/* End XCConfigurationList section */
	};
	rootObject = 80A73B3D1CA055D500C7DA02 /* Project object */;
}
